
Microsoft Visual Studio Solution File, Format Version 12.00
# Visual Studio Version 17
VisualStudioVersion = 17.6.33829.357
MinimumVisualStudioVersion = 10.0.40219.1
Project("{9A19103F-16F7-4668-BE54-9A1E7A4F7556}") = "01. Train", "01. Train\01. Train.csproj", "{4759CCA4-6642-4713-B6DE-ED05CBD7A261}"
EndProject
Project("{9A19103F-16F7-4668-BE54-9A1E7A4F7556}") = "02. ChangeList", "02. ChangeList\02. ChangeList.csproj", "{8060CD0F-AD7E-49BC-A8D3-02631A3B2DC6}"
EndProject
Project("{9A19103F-16F7-4668-BE54-9A1E7A4F7556}") = "03. HouseParty", "03. HouseParty\03. HouseParty.csproj", "{6CAB6A63-24DB-4064-83CC-CB61709C5DC5}"
EndProject
Project("{FAE04EC0-301F-11D3-BF4B-00C04F79EFBC}") = "04. ListOperations", "04. ListOperations\04. ListOperations.csproj", "{A10BB6D3-1673-440E-87EA-6E17C289925E}"
EndProject
Global
	GlobalSection(SolutionConfigurationPlatforms) = preSolution
		Debug|Any CPU = Debug|Any CPU
		Release|Any CPU = Release|Any CPU
	EndGlobalSection
	GlobalSection(ProjectConfigurationPlatforms) = postSolution
		{4759CCA4-6642-4713-B6DE-ED05CBD7A261}.Debug|Any CPU.ActiveCfg = Debug|Any CPU
		{4759CCA4-6642-4713-B6DE-ED05CBD7A261}.Debug|Any CPU.Build.0 = Debug|Any CPU
		{4759CCA4-6642-4713-B6DE-ED05CBD7A261}.Release|Any CPU.ActiveCfg = Release|Any CPU
		{4759CCA4-6642-4713-B6DE-ED05CBD7A261}.Release|Any CPU.Build.0 = Release|Any CPU
		{8060CD0F-AD7E-49BC-A8D3-02631A3B2DC6}.Debug|Any CPU.ActiveCfg = Debug|Any CPU
		{8060CD0F-AD7E-49BC-A8D3-02631A3B2DC6}.Debug|Any CPU.Build.0 = Debug|Any CPU
		{8060CD0F-AD7E-49BC-A8D3-02631A3B2DC6}.Release|Any CPU.ActiveCfg = Release|Any CPU
		{8060CD0F-AD7E-49BC-A8D3-02631A3B2DC6}.Release|Any CPU.Build.0 = Release|Any CPU
		{6CAB6A63-24DB-4064-83CC-CB61709C5DC5}.Debug|Any CPU.ActiveCfg = Debug|Any CPU
		{6CAB6A63-24DB-4064-83CC-CB61709C5DC5}.Debug|Any CPU.Build.0 = Debug|Any CPU
		{6CAB6A63-24DB-4064-83CC-CB61709C5DC5}.Release|Any CPU.ActiveCfg = Release|Any CPU
		{6CAB6A63-24DB-4064-83CC-CB61709C5DC5}.Release|Any CPU.Build.0 = Release|Any CPU
		{A10BB6D3-1673-440E-87EA-6E17C289925E}.Debug|Any CPU.ActiveCfg = Debug|Any CPU
		{A10BB6D3-1673-440E-87EA-6E17C289925E}.Debug|Any CPU.Build.0 = Debug|Any CPU
		{A10BB6D3-1673-440E-87EA-6E17C289925E}.Release|Any CPU.ActiveCfg = Release|Any CPU
		{A10BB6D3-1673-440E-87EA-6E17C289925E}.Release|Any CPU.Build.0 = Release|Any CPU
	EndGlobalSection
	GlobalSection(SolutionProperties) = preSolution
		HideSolutionNode = FALSE
	EndGlobalSection
	GlobalSection(ExtensibilityGlobals) = postSolution
		SolutionGuid = {B4E9841F-471E-4E0A-818F-397AEBEA6AC2}
	EndGlobalSection
EndGlobal
