
Microsoft Visual Studio Solution File, Format Version 12.00
# Visual Studio Version 17
VisualStudioVersion = 17.6.33829.357
MinimumVisualStudioVersion = 10.0.40219.1
Project("{9A19103F-16F7-4668-BE54-9A1E7A4F7556}") = "01. SumAdjacentEqualNumbers", "01. SumAdjacentEqualNumbers\01. SumAdjacentEqualNumbers.csproj", "{C6F92484-EF48-4DD4-9A89-54FA09C4EDD3}"
EndProject
Project("{9A19103F-16F7-4668-BE54-9A1E7A4F7556}") = "02. GaussTrick", "02. GaussTrick\02. GaussTrick.csproj", "{1A6EC702-737A-4A69-B99D-6DB00E58E0E7}"
EndProject
Project("{FAE04EC0-301F-11D3-BF4B-00C04F79EFBC}") = "03. MergingLists", "03. MergingLists\03. MergingLists.csproj", "{28BF162D-29A1-4B86-A248-6AEFED9C5143}"
EndProject
Project("{FAE04EC0-301F-11D3-BF4B-00C04F79EFBC}") = "04. ListofProducts", "04. ListofProducts\04. ListofProducts.csproj", "{ECAC7A13-A8EC-4FBE-9BCE-152C72A52D8D}"
EndProject
Project("{FAE04EC0-301F-11D3-BF4B-00C04F79EFBC}") = "05. RemoveNegativesandReverse", "05. RemoveNegativesandReverse\05. RemoveNegativesandReverse.csproj", "{8AA57C0A-9D3F-4AF1-A99C-1CA2DFB4569D}"
EndProject
Project("{FAE04EC0-301F-11D3-BF4B-00C04F79EFBC}") = "06. ListManipulationBasics", "06. ListManipulationBasics\06. ListManipulationBasics.csproj", "{BB26C63D-0DF8-4BDD-9F72-FA4C07B6E8CC}"
EndProject
Global
	GlobalSection(SolutionConfigurationPlatforms) = preSolution
		Debug|Any CPU = Debug|Any CPU
		Release|Any CPU = Release|Any CPU
	EndGlobalSection
	GlobalSection(ProjectConfigurationPlatforms) = postSolution
		{C6F92484-EF48-4DD4-9A89-54FA09C4EDD3}.Debug|Any CPU.ActiveCfg = Debug|Any CPU
		{C6F92484-EF48-4DD4-9A89-54FA09C4EDD3}.Debug|Any CPU.Build.0 = Debug|Any CPU
		{C6F92484-EF48-4DD4-9A89-54FA09C4EDD3}.Release|Any CPU.ActiveCfg = Release|Any CPU
		{C6F92484-EF48-4DD4-9A89-54FA09C4EDD3}.Release|Any CPU.Build.0 = Release|Any CPU
		{1A6EC702-737A-4A69-B99D-6DB00E58E0E7}.Debug|Any CPU.ActiveCfg = Debug|Any CPU
		{1A6EC702-737A-4A69-B99D-6DB00E58E0E7}.Debug|Any CPU.Build.0 = Debug|Any CPU
		{1A6EC702-737A-4A69-B99D-6DB00E58E0E7}.Release|Any CPU.ActiveCfg = Release|Any CPU
		{1A6EC702-737A-4A69-B99D-6DB00E58E0E7}.Release|Any CPU.Build.0 = Release|Any CPU
		{28BF162D-29A1-4B86-A248-6AEFED9C5143}.Debug|Any CPU.ActiveCfg = Debug|Any CPU
		{28BF162D-29A1-4B86-A248-6AEFED9C5143}.Debug|Any CPU.Build.0 = Debug|Any CPU
		{28BF162D-29A1-4B86-A248-6AEFED9C5143}.Release|Any CPU.ActiveCfg = Release|Any CPU
		{28BF162D-29A1-4B86-A248-6AEFED9C5143}.Release|Any CPU.Build.0 = Release|Any CPU
		{ECAC7A13-A8EC-4FBE-9BCE-152C72A52D8D}.Debug|Any CPU.ActiveCfg = Debug|Any CPU
		{ECAC7A13-A8EC-4FBE-9BCE-152C72A52D8D}.Debug|Any CPU.Build.0 = Debug|Any CPU
		{ECAC7A13-A8EC-4FBE-9BCE-152C72A52D8D}.Release|Any CPU.ActiveCfg = Release|Any CPU
		{ECAC7A13-A8EC-4FBE-9BCE-152C72A52D8D}.Release|Any CPU.Build.0 = Release|Any CPU
		{8AA57C0A-9D3F-4AF1-A99C-1CA2DFB4569D}.Debug|Any CPU.ActiveCfg = Debug|Any CPU
		{8AA57C0A-9D3F-4AF1-A99C-1CA2DFB4569D}.Debug|Any CPU.Build.0 = Debug|Any CPU
		{8AA57C0A-9D3F-4AF1-A99C-1CA2DFB4569D}.Release|Any CPU.ActiveCfg = Release|Any CPU
		{8AA57C0A-9D3F-4AF1-A99C-1CA2DFB4569D}.Release|Any CPU.Build.0 = Release|Any CPU
		{BB26C63D-0DF8-4BDD-9F72-FA4C07B6E8CC}.Debug|Any CPU.ActiveCfg = Debug|Any CPU
		{BB26C63D-0DF8-4BDD-9F72-FA4C07B6E8CC}.Debug|Any CPU.Build.0 = Debug|Any CPU
		{BB26C63D-0DF8-4BDD-9F72-FA4C07B6E8CC}.Release|Any CPU.ActiveCfg = Release|Any CPU
		{BB26C63D-0DF8-4BDD-9F72-FA4C07B6E8CC}.Release|Any CPU.Build.0 = Release|Any CPU
	EndGlobalSection
	GlobalSection(SolutionProperties) = preSolution
		HideSolutionNode = FALSE
	EndGlobalSection
	GlobalSection(ExtensibilityGlobals) = postSolution
		SolutionGuid = {5BBF5006-C180-41E1-AA76-57F6785313B5}
	EndGlobalSection
EndGlobal
