
Microsoft Visual Studio Solution File, Format Version 12.00
# Visual Studio Version 17
VisualStudioVersion = 17.6.33829.357
MinimumVisualStudioVersion = 10.0.40219.1
Project("{FAE04EC0-301F-11D3-BF4B-00C04F79EFBC}") = "01. Convert Meters to Kilometers", "01. Convert Meters to Kilometers\01. Convert Meters to Kilometers.csproj", "{7115C529-5FAA-4BAA-B456-0C7181A0AEC2}"
EndProject
Project("{FAE04EC0-301F-11D3-BF4B-00C04F79EFBC}") = "02. PoundsToDollars", "02. PoundsToDollars\02. PoundsToDollars.csproj", "{D380246E-5ED1-4894-8AAA-6C268CAF75F9}"
EndProject
Project("{FAE04EC0-301F-11D3-BF4B-00C04F79EFBC}") = "03. ExactSumOfRealNumbers", "3. ExactSumOfRealNumbers\03. ExactSumOfRealNumbers.csproj", "{59CDF081-3D11-47A1-B625-76249D6797B8}"
EndProject
Project("{FAE04EC0-301F-11D3-BF4B-00C04F79EFBC}") = "04. CenturiesToMinutes", "4. CenturiesToMinutes\04. CenturiesToMinutes.csproj", "{F023D01A-2A6C-4BCB-ADE2-3BCE974C0BAF}"
EndProject
Project("{FAE04EC0-301F-11D3-BF4B-00C04F79EFBC}") = "05. SpecialNumbers", "05. SpecialNumbers\05. SpecialNumbers.csproj", "{B70886B1-2FFF-4E1B-B7A4-DB3C8A1DF07F}"
EndProject
Project("{FAE04EC0-301F-11D3-BF4B-00C04F79EFBC}") = "06. ReversedChars", "06. ReversedChars\06. ReversedChars.csproj", "{08B26FB1-F84F-47F4-86A3-29EB5C626028}"
EndProject
Global
	GlobalSection(SolutionConfigurationPlatforms) = preSolution
		Debug|Any CPU = Debug|Any CPU
		Release|Any CPU = Release|Any CPU
	EndGlobalSection
	GlobalSection(ProjectConfigurationPlatforms) = postSolution
		{7115C529-5FAA-4BAA-B456-0C7181A0AEC2}.Debug|Any CPU.ActiveCfg = Debug|Any CPU
		{7115C529-5FAA-4BAA-B456-0C7181A0AEC2}.Debug|Any CPU.Build.0 = Debug|Any CPU
		{7115C529-5FAA-4BAA-B456-0C7181A0AEC2}.Release|Any CPU.ActiveCfg = Release|Any CPU
		{7115C529-5FAA-4BAA-B456-0C7181A0AEC2}.Release|Any CPU.Build.0 = Release|Any CPU
		{D380246E-5ED1-4894-8AAA-6C268CAF75F9}.Debug|Any CPU.ActiveCfg = Debug|Any CPU
		{D380246E-5ED1-4894-8AAA-6C268CAF75F9}.Debug|Any CPU.Build.0 = Debug|Any CPU
		{D380246E-5ED1-4894-8AAA-6C268CAF75F9}.Release|Any CPU.ActiveCfg = Release|Any CPU
		{D380246E-5ED1-4894-8AAA-6C268CAF75F9}.Release|Any CPU.Build.0 = Release|Any CPU
		{59CDF081-3D11-47A1-B625-76249D6797B8}.Debug|Any CPU.ActiveCfg = Debug|Any CPU
		{59CDF081-3D11-47A1-B625-76249D6797B8}.Debug|Any CPU.Build.0 = Debug|Any CPU
		{59CDF081-3D11-47A1-B625-76249D6797B8}.Release|Any CPU.ActiveCfg = Release|Any CPU
		{59CDF081-3D11-47A1-B625-76249D6797B8}.Release|Any CPU.Build.0 = Release|Any CPU
		{F023D01A-2A6C-4BCB-ADE2-3BCE974C0BAF}.Debug|Any CPU.ActiveCfg = Debug|Any CPU
		{F023D01A-2A6C-4BCB-ADE2-3BCE974C0BAF}.Debug|Any CPU.Build.0 = Debug|Any CPU
		{F023D01A-2A6C-4BCB-ADE2-3BCE974C0BAF}.Release|Any CPU.ActiveCfg = Release|Any CPU
		{F023D01A-2A6C-4BCB-ADE2-3BCE974C0BAF}.Release|Any CPU.Build.0 = Release|Any CPU
		{B70886B1-2FFF-4E1B-B7A4-DB3C8A1DF07F}.Debug|Any CPU.ActiveCfg = Debug|Any CPU
		{B70886B1-2FFF-4E1B-B7A4-DB3C8A1DF07F}.Debug|Any CPU.Build.0 = Debug|Any CPU
		{B70886B1-2FFF-4E1B-B7A4-DB3C8A1DF07F}.Release|Any CPU.ActiveCfg = Release|Any CPU
		{B70886B1-2FFF-4E1B-B7A4-DB3C8A1DF07F}.Release|Any CPU.Build.0 = Release|Any CPU
		{08B26FB1-F84F-47F4-86A3-29EB5C626028}.Debug|Any CPU.ActiveCfg = Debug|Any CPU
		{08B26FB1-F84F-47F4-86A3-29EB5C626028}.Debug|Any CPU.Build.0 = Debug|Any CPU
		{08B26FB1-F84F-47F4-86A3-29EB5C626028}.Release|Any CPU.ActiveCfg = Release|Any CPU
		{08B26FB1-F84F-47F4-86A3-29EB5C626028}.Release|Any CPU.Build.0 = Release|Any CPU
	EndGlobalSection
	GlobalSection(SolutionProperties) = preSolution
		HideSolutionNode = FALSE
	EndGlobalSection
	GlobalSection(ExtensibilityGlobals) = postSolution
		SolutionGuid = {43204104-C156-48F6-A485-E4153704D00C}
	EndGlobalSection
EndGlobal
