
Microsoft Visual Studio Solution File, Format Version 12.00
# Visual Studio Version 17
VisualStudioVersion = 17.6.33829.357
MinimumVisualStudioVersion = 10.0.40219.1
Project("{9A19103F-16F7-4668-BE54-9A1E7A4F7556}") = "01. SortNumbers", "01. Sort Numbers\01. SortNumbers.csproj", "{0B0884D4-D024-4051-B3C0-08BBAB63CB0F}"
EndProject
Project("{FAE04EC0-301F-11D3-BF4B-00C04F79EFBC}") = "02. EnglishNameOftheLastDigit", "02. EnglishNameOftheLastDigit\02. EnglishNameOftheLastDigit.csproj", "{25FE8B5A-6FB1-4898-9B34-CDC71612E8E8}"
EndProject
Project("{FAE04EC0-301F-11D3-BF4B-00C04F79EFBC}") = "03. GamingStore", "03. GamingStore\03. GamingStore.csproj", "{71C6F623-AA9A-4B9C-AB92-5583D3624B09}"
EndProject
Project("{FAE04EC0-301F-11D3-BF4B-00C04F79EFBC}") = "04. ReverseString", "04. ReverseString\04. ReverseString.csproj", "{C25C088E-26FD-400B-9476-36AC159CE3DB}"
EndProject
Global
	GlobalSection(SolutionConfigurationPlatforms) = preSolution
		Debug|Any CPU = Debug|Any CPU
		Release|Any CPU = Release|Any CPU
	EndGlobalSection
	GlobalSection(ProjectConfigurationPlatforms) = postSolution
		{0B0884D4-D024-4051-B3C0-08BBAB63CB0F}.Debug|Any CPU.ActiveCfg = Debug|Any CPU
		{0B0884D4-D024-4051-B3C0-08BBAB63CB0F}.Debug|Any CPU.Build.0 = Debug|Any CPU
		{0B0884D4-D024-4051-B3C0-08BBAB63CB0F}.Release|Any CPU.ActiveCfg = Release|Any CPU
		{0B0884D4-D024-4051-B3C0-08BBAB63CB0F}.Release|Any CPU.Build.0 = Release|Any CPU
		{25FE8B5A-6FB1-4898-9B34-CDC71612E8E8}.Debug|Any CPU.ActiveCfg = Debug|Any CPU
		{25FE8B5A-6FB1-4898-9B34-CDC71612E8E8}.Debug|Any CPU.Build.0 = Debug|Any CPU
		{25FE8B5A-6FB1-4898-9B34-CDC71612E8E8}.Release|Any CPU.ActiveCfg = Release|Any CPU
		{25FE8B5A-6FB1-4898-9B34-CDC71612E8E8}.Release|Any CPU.Build.0 = Release|Any CPU
		{71C6F623-AA9A-4B9C-AB92-5583D3624B09}.Debug|Any CPU.ActiveCfg = Debug|Any CPU
		{71C6F623-AA9A-4B9C-AB92-5583D3624B09}.Debug|Any CPU.Build.0 = Debug|Any CPU
		{71C6F623-AA9A-4B9C-AB92-5583D3624B09}.Release|Any CPU.ActiveCfg = Release|Any CPU
		{71C6F623-AA9A-4B9C-AB92-5583D3624B09}.Release|Any CPU.Build.0 = Release|Any CPU
		{C25C088E-26FD-400B-9476-36AC159CE3DB}.Debug|Any CPU.ActiveCfg = Debug|Any CPU
		{C25C088E-26FD-400B-9476-36AC159CE3DB}.Debug|Any CPU.Build.0 = Debug|Any CPU
		{C25C088E-26FD-400B-9476-36AC159CE3DB}.Release|Any CPU.ActiveCfg = Release|Any CPU
		{C25C088E-26FD-400B-9476-36AC159CE3DB}.Release|Any CPU.Build.0 = Release|Any CPU
	EndGlobalSection
	GlobalSection(SolutionProperties) = preSolution
		HideSolutionNode = FALSE
	EndGlobalSection
	GlobalSection(ExtensibilityGlobals) = postSolution
		SolutionGuid = {1CB524CF-6251-4612-9BE1-530D1B7FBDCA}
	EndGlobalSection
EndGlobal
