
Microsoft Visual Studio Solution File, Format Version 12.00
# Visual Studio Version 17
VisualStudioVersion = 17.6.33829.357
MinimumVisualStudioVersion = 10.0.40219.1
Project("{9A19103F-16F7-4668-BE54-9A1E7A4F7556}") = "01. MatchFullName", "01. MatchFullName\01. MatchFullName.csproj", "{DED2216F-CDBF-41E4-B353-4CFBFC006D13}"
EndProject
Project("{FAE04EC0-301F-11D3-BF4B-00C04F79EFBC}") = "02. MatchPhoneNumber", "02. MatchPhoneNumber\02. MatchPhoneNumber.csproj", "{5DF9C259-1F3F-4816-B250-C6DA6095310E}"
EndProject
Global
	GlobalSection(SolutionConfigurationPlatforms) = preSolution
		Debug|Any CPU = Debug|Any CPU
		Release|Any CPU = Release|Any CPU
	EndGlobalSection
	GlobalSection(ProjectConfigurationPlatforms) = postSolution
		{DED2216F-CDBF-41E4-B353-4CFBFC006D13}.Debug|Any CPU.ActiveCfg = Debug|Any CPU
		{DED2216F-CDBF-41E4-B353-4CFBFC006D13}.Debug|Any CPU.Build.0 = Debug|Any CPU
		{DED2216F-CDBF-41E4-B353-4CFBFC006D13}.Release|Any CPU.ActiveCfg = Release|Any CPU
		{DED2216F-CDBF-41E4-B353-4CFBFC006D13}.Release|Any CPU.Build.0 = Release|Any CPU
		{5DF9C259-1F3F-4816-B250-C6DA6095310E}.Debug|Any CPU.ActiveCfg = Debug|Any CPU
		{5DF9C259-1F3F-4816-B250-C6DA6095310E}.Debug|Any CPU.Build.0 = Debug|Any CPU
		{5DF9C259-1F3F-4816-B250-C6DA6095310E}.Release|Any CPU.ActiveCfg = Release|Any CPU
		{5DF9C259-1F3F-4816-B250-C6DA6095310E}.Release|Any CPU.Build.0 = Release|Any CPU
	EndGlobalSection
	GlobalSection(SolutionProperties) = preSolution
		HideSolutionNode = FALSE
	EndGlobalSection
	GlobalSection(ExtensibilityGlobals) = postSolution
		SolutionGuid = {FAF9210C-3E90-4889-965D-7C73D1DBD626}
	EndGlobalSection
EndGlobal
