
Microsoft Visual Studio Solution File, Format Version 12.00
# Visual Studio Version 17
VisualStudioVersion = 17.6.33829.357
MinimumVisualStudioVersion = 10.0.40219.1
Project("{9A19103F-16F7-4668-BE54-9A1E7A4F7556}") = "01. CountCharsInAString", "01. CountCharsInAString\01. CountCharsInAString.csproj", "{7D1BE5D8-4791-4F3C-912E-FE58CFBF2F84}"
EndProject
Project("{9A19103F-16F7-4668-BE54-9A1E7A4F7556}") = "02. AMinerTask", "02. AMinerTask\02. AMinerTask.csproj", "{88C8E359-FB0B-48E7-ACC7-08F9DF29A8AB}"
EndProject
Project("{9A19103F-16F7-4668-BE54-9A1E7A4F7556}") = "03. Orders", "03. Orders\03. Orders.csproj", "{A17B648F-D2C1-4DFF-9268-4F610890EFA5}"
EndProject
Project("{9A19103F-16F7-4668-BE54-9A1E7A4F7556}") = "04. SoftUniParking", "04. SoftUniParking\04. SoftUniParking.csproj", "{F97DC865-E0D9-4CA0-9939-5E95B1091DEC}"
EndProject
Project("{FAE04EC0-301F-11D3-BF4B-00C04F79EFBC}") = "05. Courses", "05. Courses\05. Courses.csproj", "{4F94491C-09BE-4288-9653-4FDFAD0A3A73}"
EndProject
Global
	GlobalSection(SolutionConfigurationPlatforms) = preSolution
		Debug|Any CPU = Debug|Any CPU
		Release|Any CPU = Release|Any CPU
	EndGlobalSection
	GlobalSection(ProjectConfigurationPlatforms) = postSolution
		{7D1BE5D8-4791-4F3C-912E-FE58CFBF2F84}.Debug|Any CPU.ActiveCfg = Debug|Any CPU
		{7D1BE5D8-4791-4F3C-912E-FE58CFBF2F84}.Debug|Any CPU.Build.0 = Debug|Any CPU
		{7D1BE5D8-4791-4F3C-912E-FE58CFBF2F84}.Release|Any CPU.ActiveCfg = Release|Any CPU
		{7D1BE5D8-4791-4F3C-912E-FE58CFBF2F84}.Release|Any CPU.Build.0 = Release|Any CPU
		{88C8E359-FB0B-48E7-ACC7-08F9DF29A8AB}.Debug|Any CPU.ActiveCfg = Debug|Any CPU
		{88C8E359-FB0B-48E7-ACC7-08F9DF29A8AB}.Debug|Any CPU.Build.0 = Debug|Any CPU
		{88C8E359-FB0B-48E7-ACC7-08F9DF29A8AB}.Release|Any CPU.ActiveCfg = Release|Any CPU
		{88C8E359-FB0B-48E7-ACC7-08F9DF29A8AB}.Release|Any CPU.Build.0 = Release|Any CPU
		{A17B648F-D2C1-4DFF-9268-4F610890EFA5}.Debug|Any CPU.ActiveCfg = Debug|Any CPU
		{A17B648F-D2C1-4DFF-9268-4F610890EFA5}.Debug|Any CPU.Build.0 = Debug|Any CPU
		{A17B648F-D2C1-4DFF-9268-4F610890EFA5}.Release|Any CPU.ActiveCfg = Release|Any CPU
		{A17B648F-D2C1-4DFF-9268-4F610890EFA5}.Release|Any CPU.Build.0 = Release|Any CPU
		{F97DC865-E0D9-4CA0-9939-5E95B1091DEC}.Debug|Any CPU.ActiveCfg = Debug|Any CPU
		{F97DC865-E0D9-4CA0-9939-5E95B1091DEC}.Debug|Any CPU.Build.0 = Debug|Any CPU
		{F97DC865-E0D9-4CA0-9939-5E95B1091DEC}.Release|Any CPU.ActiveCfg = Release|Any CPU
		{F97DC865-E0D9-4CA0-9939-5E95B1091DEC}.Release|Any CPU.Build.0 = Release|Any CPU
		{4F94491C-09BE-4288-9653-4FDFAD0A3A73}.Debug|Any CPU.ActiveCfg = Debug|Any CPU
		{4F94491C-09BE-4288-9653-4FDFAD0A3A73}.Debug|Any CPU.Build.0 = Debug|Any CPU
		{4F94491C-09BE-4288-9653-4FDFAD0A3A73}.Release|Any CPU.ActiveCfg = Release|Any CPU
		{4F94491C-09BE-4288-9653-4FDFAD0A3A73}.Release|Any CPU.Build.0 = Release|Any CPU
	EndGlobalSection
	GlobalSection(SolutionProperties) = preSolution
		HideSolutionNode = FALSE
	EndGlobalSection
	GlobalSection(ExtensibilityGlobals) = postSolution
		SolutionGuid = {8A3010DF-1174-4A68-948E-BA7B9EAA0B69}
	EndGlobalSection
EndGlobal
