
Microsoft Visual Studio Solution File, Format Version 12.00
# Visual Studio Version 17
VisualStudioVersion = 17.6.33829.357
MinimumVisualStudioVersion = 10.0.40219.1
Project("{9A19103F-16F7-4668-BE54-9A1E7A4F7556}") = "01. IntegerOperations", "01. IntegerOperations\01. IntegerOperations.csproj", "{9528DE7C-5103-4934-94F9-D87A7AD09416}"
EndProject
Project("{9A19103F-16F7-4668-BE54-9A1E7A4F7556}") = "02. SumDigits", "02. SumDigits\02. SumDigits.csproj", "{57337894-A5D3-4EA6-B6AB-AF978E21E78F}"
EndProject
Project("{9A19103F-16F7-4668-BE54-9A1E7A4F7556}") = "03. Elevator", "03. Elevator\03. Elevator.csproj", "{5D547BE7-DC18-4B10-B1AE-F2F5EA831D03}"
EndProject
Project("{9A19103F-16F7-4668-BE54-9A1E7A4F7556}") = "04. SumOfChars", "04. SumOfChars\04. SumOfChars.csproj", "{64AB2F1E-496E-497E-A88C-22E97EEFD329}"
EndProject
Project("{FAE04EC0-301F-11D3-BF4B-00C04F79EFBC}") = "05. PrintPartOfASCIITable", "05. PrintPartOfASCIITable\05. PrintPartOfASCIITable.csproj", "{6D93DC5F-7648-42BD-A3C4-BB964DF28B78}"
EndProject
Project("{FAE04EC0-301F-11D3-BF4B-00C04F79EFBC}") = "06. TriplesofLatinLetters", "06. TriplesofLatinLetters\06. TriplesofLatinLetters.csproj", "{6C8FE593-C2CE-4A3C-8259-5293B651D170}"
EndProject
Project("{FAE04EC0-301F-11D3-BF4B-00C04F79EFBC}") = "07. WaterOverflow", "07. WaterOverflow\07. WaterOverflow.csproj", "{3FFEF998-7A01-4148-B6C2-5F8B93D47CCD}"
EndProject
Project("{FAE04EC0-301F-11D3-BF4B-00C04F79EFBC}") = "08. BeerKegs", "08. BeerKegs\08. BeerKegs.csproj", "{0CCABDFD-B0FC-423F-B2B5-2DA8EB5A2C45}"
EndProject
Global
	GlobalSection(SolutionConfigurationPlatforms) = preSolution
		Debug|Any CPU = Debug|Any CPU
		Release|Any CPU = Release|Any CPU
	EndGlobalSection
	GlobalSection(ProjectConfigurationPlatforms) = postSolution
		{9528DE7C-5103-4934-94F9-D87A7AD09416}.Debug|Any CPU.ActiveCfg = Debug|Any CPU
		{9528DE7C-5103-4934-94F9-D87A7AD09416}.Debug|Any CPU.Build.0 = Debug|Any CPU
		{9528DE7C-5103-4934-94F9-D87A7AD09416}.Release|Any CPU.ActiveCfg = Release|Any CPU
		{9528DE7C-5103-4934-94F9-D87A7AD09416}.Release|Any CPU.Build.0 = Release|Any CPU
		{57337894-A5D3-4EA6-B6AB-AF978E21E78F}.Debug|Any CPU.ActiveCfg = Debug|Any CPU
		{57337894-A5D3-4EA6-B6AB-AF978E21E78F}.Debug|Any CPU.Build.0 = Debug|Any CPU
		{57337894-A5D3-4EA6-B6AB-AF978E21E78F}.Release|Any CPU.ActiveCfg = Release|Any CPU
		{57337894-A5D3-4EA6-B6AB-AF978E21E78F}.Release|Any CPU.Build.0 = Release|Any CPU
		{5D547BE7-DC18-4B10-B1AE-F2F5EA831D03}.Debug|Any CPU.ActiveCfg = Debug|Any CPU
		{5D547BE7-DC18-4B10-B1AE-F2F5EA831D03}.Debug|Any CPU.Build.0 = Debug|Any CPU
		{5D547BE7-DC18-4B10-B1AE-F2F5EA831D03}.Release|Any CPU.ActiveCfg = Release|Any CPU
		{5D547BE7-DC18-4B10-B1AE-F2F5EA831D03}.Release|Any CPU.Build.0 = Release|Any CPU
		{64AB2F1E-496E-497E-A88C-22E97EEFD329}.Debug|Any CPU.ActiveCfg = Debug|Any CPU
		{64AB2F1E-496E-497E-A88C-22E97EEFD329}.Debug|Any CPU.Build.0 = Debug|Any CPU
		{64AB2F1E-496E-497E-A88C-22E97EEFD329}.Release|Any CPU.ActiveCfg = Release|Any CPU
		{64AB2F1E-496E-497E-A88C-22E97EEFD329}.Release|Any CPU.Build.0 = Release|Any CPU
		{6D93DC5F-7648-42BD-A3C4-BB964DF28B78}.Debug|Any CPU.ActiveCfg = Debug|Any CPU
		{6D93DC5F-7648-42BD-A3C4-BB964DF28B78}.Debug|Any CPU.Build.0 = Debug|Any CPU
		{6D93DC5F-7648-42BD-A3C4-BB964DF28B78}.Release|Any CPU.ActiveCfg = Release|Any CPU
		{6D93DC5F-7648-42BD-A3C4-BB964DF28B78}.Release|Any CPU.Build.0 = Release|Any CPU
		{6C8FE593-C2CE-4A3C-8259-5293B651D170}.Debug|Any CPU.ActiveCfg = Debug|Any CPU
		{6C8FE593-C2CE-4A3C-8259-5293B651D170}.Debug|Any CPU.Build.0 = Debug|Any CPU
		{6C8FE593-C2CE-4A3C-8259-5293B651D170}.Release|Any CPU.ActiveCfg = Release|Any CPU
		{6C8FE593-C2CE-4A3C-8259-5293B651D170}.Release|Any CPU.Build.0 = Release|Any CPU
		{3FFEF998-7A01-4148-B6C2-5F8B93D47CCD}.Debug|Any CPU.ActiveCfg = Debug|Any CPU
		{3FFEF998-7A01-4148-B6C2-5F8B93D47CCD}.Debug|Any CPU.Build.0 = Debug|Any CPU
		{3FFEF998-7A01-4148-B6C2-5F8B93D47CCD}.Release|Any CPU.ActiveCfg = Release|Any CPU
		{3FFEF998-7A01-4148-B6C2-5F8B93D47CCD}.Release|Any CPU.Build.0 = Release|Any CPU
		{0CCABDFD-B0FC-423F-B2B5-2DA8EB5A2C45}.Debug|Any CPU.ActiveCfg = Debug|Any CPU
		{0CCABDFD-B0FC-423F-B2B5-2DA8EB5A2C45}.Debug|Any CPU.Build.0 = Debug|Any CPU
		{0CCABDFD-B0FC-423F-B2B5-2DA8EB5A2C45}.Release|Any CPU.ActiveCfg = Release|Any CPU
		{0CCABDFD-B0FC-423F-B2B5-2DA8EB5A2C45}.Release|Any CPU.Build.0 = Release|Any CPU
	EndGlobalSection
	GlobalSection(SolutionProperties) = preSolution
		HideSolutionNode = FALSE
	EndGlobalSection
	GlobalSection(ExtensibilityGlobals) = postSolution
		SolutionGuid = {4B22B4F5-D040-4FFD-BD1E-11E6DA7E7226}
	EndGlobalSection
EndGlobal
